id: nr_sync_unmap_ssb_cc
label: Unmap SSB
category: '[nr_sync]'

templates:
  imports: import nr_sync
  make: nr_sync.unmap_ssb_cc(${nu})

#  Make one 'parameters' list entry for every parameter you want settable from the GUI.
#     Keys include:
#     * id (makes the value accessible as keyname, e.g. in the make entry)
#     * label (label shown in the GUI)
#     * dtype (e.g. int, float, complex, byte, short, xxx_vector, ...)
#     * default
parameters:
- id: nu
  label: nu
  dtype: int
#  Make one 'inputs' list entry per input and one 'outputs' list entry per output.
#  Keys include:
#      * label (an identifier for the GUI)
#      * domain (optional - stream or message. Default is stream)
#      * dtype (e.g. int, float, complex, byte, short, xxx_vector, ...)
#      * vlen (optional - data stream vector length. Default is 1)
#      * optional (optional - set to 1 for optional inputs. Default is 0)
inputs:
- label: ssb
  dtype: complex
  vlen: 960 # 240 *4
- label: i_ssb
  dtype: int

outputs:
- label: sss
  dtype: complex
  vlen: 127
- label: pbch
  dtype: complex
  vlen: 432
- label: i_ssb
  dtype: int
- label: dmrs
  dtype: complex
  vlen: 144

#  'file_format' specifies the version of the GRC yml format used in the file
#  and should usually not be changed.
file_format: 1
