id: nr_sync_sss_decode_ci
label: Decode SSS
category: '[nr_sync]'

templates:
  imports: import nr_sync
  make: nr_sync.sss_decode_ci()

#  Make one 'parameters' list entry for every parameter you want settable from the GUI.
#     Keys include:
#     * id (makes the value accessible as keyname, e.g. in the make entry)
#     * label (label shown in the GUI)
#     * dtype (e.g. int, float, complex, byte, short, xxx_vector, ...)
#     * default
inputs:
- label: nid_2
  dtype: int

- label: sss
  dtype: complex
  vlen: 127

outputs:
- label: nid_1
  dtype: int
  vlen: 1

#  'file_format' specifies the version of the GRC yml format used in the file
#  and should usually not be changed.
file_format: 1
